
Microsoft Visual Studio Solution File, Format Version 12.00
# Visual Studio Version 16
VisualStudioVersion = 16.0.31025.194
MinimumVisualStudioVersion = 10.0.40219.1
Project("{FAE04EC0-301F-11D3-BF4B-00C04F79EFBC}") = "pakcomposer", "pakcomposer.csproj", "{BCB61B0C-3D6B-4560-8597-AC736E64F9DE}"
EndProject
Global
	GlobalSection(SolutionConfigurationPlatforms) = preSolution
		Debug|Any CPU = Debug|Any CPU
		Release|Any CPU = Release|Any CPU
	EndGlobalSection
	GlobalSection(ProjectConfigurationPlatforms) = postSolution
		{BCB61B0C-3D6B-4560-8597-AC736E64F9DE}.Debug|Any CPU.ActiveCfg = Debug|Any CPU
		{BCB61B0C-3D6B-4560-8597-AC736E64F9DE}.Debug|Any CPU.Build.0 = Debug|Any CPU
		{BCB61B0C-3D6B-4560-8597-AC736E64F9DE}.Release|Any CPU.ActiveCfg = Release|Any CPU
		{BCB61B0C-3D6B-4560-8597-AC736E64F9DE}.Release|Any CPU.Build.0 = Release|Any CPU
	EndGlobalSection
	GlobalSection(SolutionProperties) = preSolution
		HideSolutionNode = FALSE
	EndGlobalSection
	GlobalSection(ExtensibilityGlobals) = postSolution
		SolutionGuid = {3D3A84F3-5F2C-4CA9-971F-252D75A69BF1}
	EndGlobalSection
EndGlobal
