
Microsoft Visual Studio Solution File, Format Version 12.00
# Visual Studio Version 16
VisualStudioVersion = 16.0.31321.278
MinimumVisualStudioVersion = 10.0.40219.1
Project("{FAE04EC0-301F-11D3-BF4B-00C04F79EFBC}") = "TranslationApp", "TranslationApp\TranslationApp.csproj", "{9CABDB58-3FA4-4400-BBD6-BF8C8D54A071}"
EndProject
Global
	GlobalSection(SolutionConfigurationPlatforms) = preSolution
		Debug|Any CPU = Debug|Any CPU
		Release|Any CPU = Release|Any CPU
	EndGlobalSection
	GlobalSection(ProjectConfigurationPlatforms) = postSolution
		{9CABDB58-3FA4-4400-BBD6-BF8C8D54A071}.Debug|Any CPU.ActiveCfg = Debug|Any CPU
		{9CABDB58-3FA4-4400-BBD6-BF8C8D54A071}.Debug|Any CPU.Build.0 = Debug|Any CPU
		{9CABDB58-3FA4-4400-BBD6-BF8C8D54A071}.Release|Any CPU.ActiveCfg = Release|Any CPU
		{9CABDB58-3FA4-4400-BBD6-BF8C8D54A071}.Release|Any CPU.Build.0 = Release|Any CPU
	EndGlobalSection
	GlobalSection(SolutionProperties) = preSolution
		HideSolutionNode = FALSE
	EndGlobalSection
	GlobalSection(ExtensibilityGlobals) = postSolution
		SolutionGuid = {A22813BF-19DA-4A94-AEBC-5D3E11007E97}
	EndGlobalSection
EndGlobal
